
Microsoft Visual Studio Solution File, Format Version 12.00
# Visual Studio Version 17
VisualStudioVersion = 17.7.34018.315
MinimumVisualStudioVersion = 10.0.40219.1
Project("{FAE04EC0-301F-11D3-BF4B-00C04F79EFBC}") = "OurSpace", "OurSpace\OurSpace.csproj", "{D61B2A6B-04A7-450A-BC81-3CCD898EEDBC}"
EndProject
Global
	GlobalSection(SolutionConfigurationPlatforms) = preSolution
		Debug|Any CPU = Debug|Any CPU
		Release|Any CPU = Release|Any CPU
	EndGlobalSection
	GlobalSection(ProjectConfigurationPlatforms) = postSolution
		{D61B2A6B-04A7-450A-BC81-3CCD898EEDBC}.Debug|Any CPU.ActiveCfg = Debug|Any CPU
		{D61B2A6B-04A7-450A-BC81-3CCD898EEDBC}.Debug|Any CPU.Build.0 = Debug|Any CPU
		{D61B2A6B-04A7-450A-BC81-3CCD898EEDBC}.Release|Any CPU.ActiveCfg = Release|Any CPU
		{D61B2A6B-04A7-450A-BC81-3CCD898EEDBC}.Release|Any CPU.Build.0 = Release|Any CPU
	EndGlobalSection
	GlobalSection(SolutionProperties) = preSolution
		HideSolutionNode = FALSE
	EndGlobalSection
	GlobalSection(ExtensibilityGlobals) = postSolution
		SolutionGuid = {740F1F7B-5101-413D-8818-323F9AB4DE45}
	EndGlobalSection
EndGlobal
